
Microsoft Visual Studio Solution File, Format Version 12.00
# Visual Studio 15
VisualStudioVersion = 15.0.27130.2027
MinimumVisualStudioVersion = 10.0.40219.1
Project("{FAE04EC0-301F-11D3-BF4B-00C04F79EFBC}") = "Video3", "Video3\Video3.csproj", "{94789A96-ABF3-4E68-A0ED-6C599844FAEE}"
EndProject
Global
	GlobalSection(SolutionConfigurationPlatforms) = preSolution
		Debug|Any CPU = Debug|Any CPU
		Release|Any CPU = Release|Any CPU
	EndGlobalSection
	GlobalSection(ProjectConfigurationPlatforms) = postSolution
		{94789A96-ABF3-4E68-A0ED-6C599844FAEE}.Debug|Any CPU.ActiveCfg = Debug|Any CPU
		{94789A96-ABF3-4E68-A0ED-6C599844FAEE}.Debug|Any CPU.Build.0 = Debug|Any CPU
		{94789A96-ABF3-4E68-A0ED-6C599844FAEE}.Release|Any CPU.ActiveCfg = Release|Any CPU
		{94789A96-ABF3-4E68-A0ED-6C599844FAEE}.Release|Any CPU.Build.0 = Release|Any CPU
	EndGlobalSection
	GlobalSection(SolutionProperties) = preSolution
		HideSolutionNode = FALSE
	EndGlobalSection
	GlobalSection(ExtensibilityGlobals) = postSolution
		SolutionGuid = {E5A327DF-D5D6-488B-939A-943E6A4084F7}
	EndGlobalSection
EndGlobal
